// !$*UTF8*$!
{
	archiveVersion = 1;
	classes = {
	};
	objectVersion = 46;
	objects = {

/* Begin PBXBuildFile section */
		D42987421DBED67D0026EC76 /* AppDelegate.swift in Sources */ = {isa = PBXBuildFile; fileRef = D42987411DBED67D0026EC76 /* AppDelegate.swift */; };
		D42987441DBED67D0026EC76 /* ViewController.swift in Sources */ = {isa = PBXBuildFile; fileRef = D42987431DBED67D0026EC76 /* ViewController.swift */; };
		D42987471DBED67D0026EC76 /* Main.storyboard in Resources */ = {isa = PBXBuildFile; fileRef = D42987451DBED67D0026EC76 /* Main.storyboard */; };
		D429874A1DBED67D0026EC76 /* DoIt.xcdatamodeld in Sources */ = {isa = PBXBuildFile; fileRef = D42987481DBED67D0026EC76 /* DoIt.xcdatamodeld */; };
		D429874C1DBED67D0026EC76 /* Assets.xcassets in Resources */ = {isa = PBXBuildFile; fileRef = D429874B1DBED67D0026EC76 /* Assets.xcassets */; };
		D429874F1DBED67D0026EC76 /* LaunchScreen.storyboard in Resources */ = {isa = PBXBuildFile; fileRef = D429874D1DBED67D0026EC76 /* LaunchScreen.storyboard */; };
		D42987571DBEFABB0026EC76 /* Task.swift in Sources */ = {isa = PBXBuildFile; fileRef = D42987561DBEFABB0026EC76 /* Task.swift */; };
/* End PBXBuildFile section */

/* Begin PBXFileReference section */
		D429873E1DBED67D0026EC76 /* DoIt.app */ = {isa = PBXFileReference; explicitFileType = wrapper.application; includeInIndex = 0; path = DoIt.app; sourceTree = BUILT_PRODUCTS_DIR; };
		D42987411DBED67D0026EC76 /* AppDelegate.swift */ = {isa = PBXFileReference; lastKnownFileType = sourcecode.swift; path = AppDelegate.swift; sourceTree = "<group>"; };
		D42987431DBED67D0026EC76 /* ViewController.swift */ = {isa = PBXFileReference; lastKnownFileType = sourcecode.swift; path = ViewController.swift; sourceTree = "<group>"; };
		D42987461DBED67D0026EC76 /* Base */ = {isa = PBXFileReference; lastKnownFileType = file.storyboard; name = Base; path = Base.lproj/Main.storyboard; sourceTree = "<group>"; };
		D42987491DBED67D0026EC76 /* DoIt.xcdatamodel */ = {isa = PBXFileReference; lastKnownFileType = wrapper.xcdatamodel; path = DoIt.xcdatamodel; sourceTree = "<group>"; };
		D429874B1DBED67D0026EC76 /* Assets.xcassets */ = {isa = PBXFileReference; lastKnownFileType = folder.assetcatalog; path = Assets.xcassets; sourceTree = "<group>"; };
		D429874E1DBED67D0026EC76 /* Base */ = {isa = PBXFileReference; lastKnownFileType = file.storyboard; name = Base; path = Base.lproj/LaunchScreen.storyboard; sourceTree = "<group>"; };
		D42987501DBED67D0026EC76 /* Info.plist */ = {isa = PBXFileReference; lastKnownFileType = text.plist.xml; path = Info.plist; sourceTree = "<group>"; };
		D42987561DBEFABB0026EC76 /* Task.swift */ = {isa = PBXFileReference; fileEncoding = 4; lastKnownFileType = sourcecode.swift; path = Task.swift; sourceTree = "<group>"; };
/* End PBXFileReference section */

/* Begin PBXFrameworksBuildPhase section */
		D429873B1DBED67D0026EC76 /* Frameworks */ = {
			isa = PBXFrameworksBuildPhase;
			buildActionMask = 2147483647;
			files = (
			);
			runOnlyForDeploymentPostprocessing = 0;
		};
/* End PBXFrameworksBuildPhase section */

/* Begin PBXGroup section */
		D42987351DBED67D0026EC76 = {
			isa = PBXGroup;
			children = (
				D42987401DBED67D0026EC76 /* DoIt */,
				D429873F1DBED67D0026EC76 /* Products */,
			);
			sourceTree = "<group>";
		};
		D429873F1DBED67D0026EC76 /* Products */ = {
			isa = PBXGroup;
			children = (
				D429873E1DBED67D0026EC76 /* DoIt.app */,
			);
			name = Products;
			sourceTree = "<group>";
		};
		D42987401DBED67D0026EC76 /* DoIt */ = {
			isa = PBXGroup;
			children = (
				D42987411DBED67D0026EC76 /* AppDelegate.swift */,
				D42987431DBED67D0026EC76 /* ViewController.swift */,
				D42987451DBED67D0026EC76 /* Main.storyboard */,
				D42987561DBEFABB0026EC76 /* Task.swift */,
				D429874B1DBED67D0026EC76 /* Assets.xcassets */,
				D429874D1DBED67D0026EC76 /* LaunchScreen.storyboard */,
				D42987501DBED67D0026EC76 /* Info.plist */,
				D42987481DBED67D0026EC76 /* DoIt.xcdatamodeld */,
			);
			path = DoIt;
			sourceTree = "<group>";
		};
/* End PBXGroup section */

/* Begin PBXNativeTarget section */
		D429873D1DBED67D0026EC76 /* DoIt */ = {
			isa = PBXNativeTarget;
			buildConfigurationList = D42987531DBED67D0026EC76 /* Build configuration list for PBXNativeTarget "DoIt" */;
			buildPhases = (
				D429873A1DBED67D0026EC76 /* Sources */,
				D429873B1DBED67D0026EC76 /* Frameworks */,
				D429873C1DBED67D0026EC76 /* Resources */,
			);
			buildRules = (
			);
			dependencies = (
			);
			name = DoIt;
			productName = DoIt;
			productReference = D429873E1DBED67D0026EC76 /* DoIt.app */;
			productType = "com.apple.product-type.application";
		};
/* End PBXNativeTarget section */

/* Begin PBXProject section */
		D42987361DBED67D0026EC76 /* Project object */ = {
			isa = PBXProject;
			attributes = {
				LastSwiftUpdateCheck = 0800;
				LastUpgradeCheck = 0800;
				ORGANIZATIONNAME = "Developer Warriors";
				TargetAttributes = {
					D429873D1DBED67D0026EC76 = {
						CreatedOnToolsVersion = 8.0;
						DevelopmentTeam = 7EZ2W68227;
						ProvisioningStyle = Automatic;
					};
				};
			};
			buildConfigurationList = D42987391DBED67D0026EC76 /* Build configuration list for PBXProject "DoIt" */;
			compatibilityVersion = "Xcode 3.2";
			developmentRegion = English;
			hasScannedForEncodings = 0;
			knownRegions = (
				en,
				Base,
			);
			mainGroup = D42987351DBED67D0026EC76;
			productRefGroup = D429873F1DBED67D0026EC76 /* Products */;
			projectDirPath = "";
			projectRoot = "";
			targets = (
				D429873D1DBED67D0026EC76 /* DoIt */,
			);
		};
/* End PBXProject section */

/* Begin PBXResourcesBuildPhase section */
		D429873C1DBED67D0026EC76 /* Resources */ = {
			isa = PBXResourcesBuildPhase;
			buildActionMask = 2147483647;
			files = (
				D429874F1DBED67D0026EC76 /* LaunchScreen.storyboard in Resources */,
				D429874C1DBED67D0026EC76 /* Assets.xcassets in Resources */,
				D42987471DBED67D0026EC76 /* Main.storyboard in Resources */,
			);
			runOnlyForDeploymentPostprocessing = 0;
		};
/* End PBXResourcesBuildPhase section */

/* Begin PBXSourcesBuildPhase section */
		D429873A1DBED67D0026EC76 /* Sources */ = {
			isa = PBXSourcesBuildPhase;
			buildActionMask = 2147483647;
			files = (
				D42987571DBEFABB0026EC76 /* Task.swift in Sources */,
				D429874A1DBED67D0026EC76 /* DoIt.xcdatamodeld in Sources */,
				D42987441DBED67D0026EC76 /* ViewController.swift in Sources */,
				D42987421DBED67D0026EC76 /* AppDelegate.swift in Sources */,
			);
			runOnlyForDeploymentPostprocessing = 0;
		};
/* End PBXSourcesBuildPhase section */

/* Begin PBXVariantGroup section */
		D42987451DBED67D0026EC76 /* Main.storyboard */ = {
			isa = PBXVariantGroup;
			children = (
				D42987461DBED67D0026EC76 /* Base */,
			);
			name = Main.storyboard;
			sourceTree = "<group>";
		};
		D429874D1DBED67D0026EC76 /* LaunchScreen.storyboard */ = {
			isa = PBXVariantGroup;
			children = (
				D429874E1DBED67D0026EC76 /* Base */,
			);
			name = LaunchScreen.storyboard;
			sourceTree = "<group>";
		};
/* End PBXVariantGroup section */

/* Begin XCBuildConfiguration section */
		D42987511DBED67D0026EC76 /* Debug */ = {
			isa = XCBuildConfiguration;
			buildSettings = {
				ALWAYS_SEARCH_USER_PATHS = NO;
				CLANG_ANALYZER_NONNULL = YES;
				CLANG_CXX_LANGUAGE_STANDARD = "gnu++0x";
				CLANG_CXX_LIBRARY = "libc++";
				CLANG_ENABLE_MODULES = YES;
				CLANG_ENABLE_OBJC_ARC = YES;
				CLANG_WARN_BOOL_CONVERSION = YES;
				CLANG_WARN_CONSTANT_CONVERSION = YES;
				CLANG_WARN_DIRECT_OBJC_ISA_USAGE = YES_ERROR;
				CLANG_WARN_DOCUMENTATION_COMMENTS = YES;
				CLANG_WARN_EMPTY_BODY = YES;
				CLANG_WARN_ENUM_CONVERSION = YES;
				CLANG_WARN_INFINITE_RECURSION = YES;
				CLANG_WARN_INT_CONVERSION = YES;
				CLANG_WARN_OBJC_ROOT_CLASS = YES_ERROR;
				CLANG_WARN_SUSPICIOUS_MOVES = YES;
				CLANG_WARN_UNREACHABLE_CODE = YES;
				CLANG_WARN__DUPLICATE_METHOD_MATCH = YES;
				"CODE_SIGN_IDENTITY[sdk=iphoneos*]" = "iPhone Developer";
				COPY_PHASE_STRIP = NO;
				DEBUG_INFORMATION_FORMAT = dwarf;
				ENABLE_STRICT_OBJC_MSGSEND = YES;
				ENABLE_TESTABILITY = YES;
				GCC_C_LANGUAGE_STANDARD = gnu99;
				GCC_DYNAMIC_NO_PIC = NO;
				GCC_NO_COMMON_BLOCKS = YES;
				GCC_OPTIMIZATION_LEVEL = 0;
				GCC_PREPROCESSOR_DEFINITIONS = (
					"DEBUG=1",
					"$(inherited)",
				);
				GCC_WARN_64_TO_32_BIT_CONVERSION = YES;
				GCC_WARN_ABOUT_RETURN_TYPE = YES_ERROR;
				GCC_WARN_UNDECLARED_SELECTOR = YES;
				GCC_WARN_UNINITIALIZED_AUTOS = YES_AGGRESSIVE;
				GCC_WARN_UNUSED_FUNCTION = YES;
				GCC_WARN_UNUSED_VARIABLE = YES;
				IPHONEOS_DEPLOYMENT_TARGET = 10.0;
				MTL_ENABLE_DEBUG_INFO = YES;
				ONLY_ACTIVE_ARCH = YES;
				SDKROOT = iphoneos;
				SWIFT_ACTIVE_COMPILATION_CONDITIONS = DEBUG;
				SWIFT_OPTIMIZATION_LEVEL = "-Onone";
				TARGETED_DEVICE_FAMILY = "1,2";
			};
			name = Debug;
		};
		D42987521DBED67D0026EC76 /* Release */ = {
			isa = XCBuildConfiguration;
			buildSettings = {
				ALWAYS_SEARCH_USER_PATHS = NO;
				CLANG_ANALYZER_NONNULL = YES;
				CLANG_CXX_LANGUAGE_STANDARD = "gnu++0x";
				CLANG_CXX_LIBRARY = "libc++";
				CLANG_ENABLE_MODULES = YES;
				CLANG_ENABLE_OBJC_ARC = YES;
				CLANG_WARN_BOOL_CONVERSION = YES;
				CLANG_WARN_CONSTANT_CONVERSION = YES;
				CLANG_WARN_DIRECT_OBJC_ISA_USAGE = YES_ERROR;
				CLANG_WARN_DOCUMENTATION_COMMENTS = YES;
				CLANG_WARN_EMPTY_BODY = YES;
				CLANG_WARN_ENUM_CONVERSION = YES;
				CLANG_WARN_INFINITE_RECURSION = YES;
				CLANG_WARN_INT_CONVERSION = YES;
				CLANG_WARN_OBJC_ROOT_CLASS = YES_ERROR;
				CLANG_WARN_SUSPICIOUS_MOVES = YES;
				CLANG_WARN_UNREACHABLE_CODE = YES;
				CLANG_WARN__DUPLICATE_METHOD_MATCH = YES;
				"CODE_SIGN_IDENTITY[sdk=iphoneos*]" = "iPhone Developer";
				COPY_PHASE_STRIP = NO;
				DEBUG_INFORMATION_FORMAT = "dwarf-with-dsym";
				ENABLE_NS_ASSERTIONS = NO;
				ENABLE_STRICT_OBJC_MSGSEND = YES;
				GCC_C_LANGUAGE_STANDARD = gnu99;
				GCC_NO_COMMON_BLOCKS = YES;
				GCC_WARN_64_TO_32_BIT_CONVERSION = YES;
				GCC_WARN_ABOUT_RETURN_TYPE = YES_ERROR;
				GCC_WARN_UNDECLARED_SELECTOR = YES;
				GCC_WARN_UNINITIALIZED_AUTOS = YES_AGGRESSIVE;
				GCC_WARN_UNUSED_FUNCTION = YES;
				GCC_WARN_UNUSED_VARIABLE = YES;
				IPHONEOS_DEPLOYMENT_TARGET = 10.0;
				MTL_ENABLE_DEBUG_INFO = NO;
				SDKROOT = iphoneos;
				SWIFT_OPTIMIZATION_LEVEL = "-Owholemodule";
				TARGETED_DEVICE_FAMILY = "1,2";
				VALIDATE_PRODUCT = YES;
			};
			name = Release;
		};
		D42987541DBED67D0026EC76 /* Debug */ = {
			isa = XCBuildConfiguration;
			buildSettings = {
				ASSETCATALOG_COMPILER_APPICON_NAME = AppIcon;
				DEVELOPMENT_TEAM = 7EZ2W68227;
				INFOPLIST_FILE = DoIt/Info.plist;
				LD_RUNPATH_SEARCH_PATHS = "$(inherited) @executable_path/Frameworks";
				PRODUCT_BUNDLE_IDENTIFIER = com.developerwarriors.DoIt;
				PRODUCT_NAME = "$(TARGET_NAME)";
				SWIFT_VERSION = 3.0;
			};
			name = Debug;
		};
		D42987551DBED67D0026EC76 /* Release */ = {
			isa = XCBuildConfiguration;
			buildSettings = {
				ASSETCATALOG_COMPILER_APPICON_NAME = AppIcon;
				DEVELOPMENT_TEAM = 7EZ2W68227;
				INFOPLIST_FILE = DoIt/Info.plist;
				LD_RUNPATH_SEARCH_PATHS = "$(inherited) @executable_path/Frameworks";
				PRODUCT_BUNDLE_IDENTIFIER = com.developerwarriors.DoIt;
				PRODUCT_NAME = "$(TARGET_NAME)";
				SWIFT_VERSION = 3.0;
			};
			name = Release;
		};
/* End XCBuildConfiguration section */

/* Begin XCConfigurationList section */
		D42987391DBED67D0026EC76 /* Build configuration list for PBXProject "DoIt" */ = {
			isa = XCConfigurationList;
			buildConfigurations = (
				D42987511DBED67D0026EC76 /* Debug */,
				D42987521DBED67D0026EC76 /* Release */,
			);
			defaultConfigurationIsVisible = 0;
			defaultConfigurationName = Release;
		};
		D42987531DBED67D0026EC76 /* Build configuration list for PBXNativeTarget "DoIt" */ = {
			isa = XCConfigurationList;
			buildConfigurations = (
				D42987541DBED67D0026EC76 /* Debug */,
				D42987551DBED67D0026EC76 /* Release */,
			);
			defaultConfigurationIsVisible = 0;
		};
/* End XCConfigurationList section */

/* Begin XCVersionGroup section */
		D42987481DBED67D0026EC76 /* DoIt.xcdatamodeld */ = {
			isa = XCVersionGroup;
			children = (
				D42987491DBED67D0026EC76 /* DoIt.xcdatamodel */,
			);
			currentVersion = D42987491DBED67D0026EC76 /* DoIt.xcdatamodel */;
			path = DoIt.xcdatamodeld;
			sourceTree = "<group>";
			versionGroupType = wrapper.xcdatamodel;
		};
/* End XCVersionGroup section */
	};
	rootObject = D42987361DBED67D0026EC76 /* Project object */;
}
